
Microsoft Visual Studio Solution File, Format Version 12.00
# Visual Studio Version 17
VisualStudioVersion = 17.14.36717.8
MinimumVisualStudioVersion = 10.0.40219.1
Project("{FAE04EC0-301F-11D3-BF4B-00C04F79EFBC}") = "Loom", "source\Loom.csproj", "{A56F67F7-0C82-4203-AB4B-D7C7AE4CBA0D}"
EndProject
Global
	GlobalSection(SolutionConfigurationPlatforms) = preSolution
		Debug|Any CPU = Debug|Any CPU
		Release|Any CPU = Release|Any CPU
	EndGlobalSection
	GlobalSection(ProjectConfigurationPlatforms) = postSolution
		{A56F67F7-0C82-4203-AB4B-D7C7AE4CBA0D}.Debug|Any CPU.ActiveCfg = Debug|Any CPU
		{A56F67F7-0C82-4203-AB4B-D7C7AE4CBA0D}.Debug|Any CPU.Build.0 = Debug|Any CPU
		{A56F67F7-0C82-4203-AB4B-D7C7AE4CBA0D}.Release|Any CPU.ActiveCfg = Release|Any CPU
		{A56F67F7-0C82-4203-AB4B-D7C7AE4CBA0D}.Release|Any CPU.Build.0 = Release|Any CPU
	EndGlobalSection
	GlobalSection(SolutionProperties) = preSolution
		HideSolutionNode = FALSE
	EndGlobalSection
	GlobalSection(ExtensibilityGlobals) = postSolution
		SolutionGuid = {56A5EB1E-21C5-486E-A536-24ACBB2C4EFF}
	EndGlobalSection
EndGlobal
